github.com/Ajaykumar-N-GITHUB/fish v0.0.0-20240808190519-33bd9c25cb56 h1:MJ2cxOJH0hm0/GEd0byxTRk64u3lkedQhzQh/o9hajo=
github.com/Ajaykumar-N-GITHUB/fish v0.0.0-20240808190519-33bd9c25cb56/go.mod h1:FQechzPSRLi9tuIHv43FkvnyKMhX/nb3l0pCJq8ne0s=
github.com/Ajaykumar-N-GITHUB/marine v0.0.0-20240808190102-d87c9ab5ace7 h1:cnw8RzIj3tF+z47Xf2di+BURlvyozB1F4kMHmpBAjps=
github.com/Ajaykumar-N-GITHUB/marine v0.0.0-20240808190102-d87c9ab5ace7/go.mod h1:qThA7pv72xF9cpny2q7he9gpivj0szKKWL2+tCvkdqE=
